
Microsoft Visual Studio Solution File, Format Version 12.00
# Visual Studio 2012
Project("{FAE04EC0-301F-11D3-BF4B-00C04F79EFBC}") = "WebRequestTools", "WebRequestTools\WebRequestTools.csproj", "{6C0C664B-9B75-4031-ABFF-C8AC9BB8D2D8}"
EndProject
Global
	GlobalSection(SolutionConfigurationPlatforms) = preSolution
		Debug|Any CPU = Debug|Any CPU
		Release|Any CPU = Release|Any CPU
	EndGlobalSection
	GlobalSection(ProjectConfigurationPlatforms) = postSolution
		{6C0C664B-9B75-4031-ABFF-C8AC9BB8D2D8}.Debug|Any CPU.ActiveCfg = Debug|Any CPU
		{6C0C664B-9B75-4031-ABFF-C8AC9BB8D2D8}.Debug|Any CPU.Build.0 = Debug|Any CPU
		{6C0C664B-9B75-4031-ABFF-C8AC9BB8D2D8}.Release|Any CPU.ActiveCfg = Release|Any CPU
		{6C0C664B-9B75-4031-ABFF-C8AC9BB8D2D8}.Release|Any CPU.Build.0 = Release|Any CPU
	EndGlobalSection
	GlobalSection(SolutionProperties) = preSolution
		HideSolutionNode = FALSE
	EndGlobalSection
EndGlobal
