
Microsoft Visual Studio Solution File, Format Version 12.00
# Visual Studio 2012
Project("{FAE04EC0-301F-11D3-BF4B-00C04F79EFBC}") = "Inspector2Test", "Inspector2Test\Inspector2Test.csproj", "{2BBEEF37-2184-400D-872A-266EEA98752A}"
EndProject
Global
	GlobalSection(SolutionConfigurationPlatforms) = preSolution
		Debug|Any CPU = Debug|Any CPU
		Release|Any CPU = Release|Any CPU
	EndGlobalSection
	GlobalSection(ProjectConfigurationPlatforms) = postSolution
		{2BBEEF37-2184-400D-872A-266EEA98752A}.Debug|Any CPU.ActiveCfg = Debug|Any CPU
		{2BBEEF37-2184-400D-872A-266EEA98752A}.Debug|Any CPU.Build.0 = Debug|Any CPU
		{2BBEEF37-2184-400D-872A-266EEA98752A}.Release|Any CPU.ActiveCfg = Release|Any CPU
		{2BBEEF37-2184-400D-872A-266EEA98752A}.Release|Any CPU.Build.0 = Release|Any CPU
	EndGlobalSection
	GlobalSection(SolutionProperties) = preSolution
		HideSolutionNode = FALSE
	EndGlobalSection
EndGlobal
